
Microsoft Visual Studio Solution File, Format Version 12.00
# Visual Studio 15
VisualStudioVersion = 15.0.28307.421
MinimumVisualStudioVersion = 10.0.40219.1
Project("{FAE04EC0-301F-11D3-BF4B-00C04F79EFBC}") = "Csharp_Practice", "Csharp_Practice\Csharp_Practice.csproj", "{BDBB65F6-C0A0-4AE4-BBDA-36BF712B70B7}"
EndProject
Global
	GlobalSection(SolutionConfigurationPlatforms) = preSolution
		Debug|Any CPU = Debug|Any CPU
		Release|Any CPU = Release|Any CPU
	EndGlobalSection
	GlobalSection(ProjectConfigurationPlatforms) = postSolution
		{BDBB65F6-C0A0-4AE4-BBDA-36BF712B70B7}.Debug|Any CPU.ActiveCfg = Debug|Any CPU
		{BDBB65F6-C0A0-4AE4-BBDA-36BF712B70B7}.Debug|Any CPU.Build.0 = Debug|Any CPU
		{BDBB65F6-C0A0-4AE4-BBDA-36BF712B70B7}.Release|Any CPU.ActiveCfg = Release|Any CPU
		{BDBB65F6-C0A0-4AE4-BBDA-36BF712B70B7}.Release|Any CPU.Build.0 = Release|Any CPU
	EndGlobalSection
	GlobalSection(SolutionProperties) = preSolution
		HideSolutionNode = FALSE
	EndGlobalSection
	GlobalSection(ExtensibilityGlobals) = postSolution
		SolutionGuid = {A854D2DB-7997-4FF8-A439-E28FA96A6EB9}
	EndGlobalSection
EndGlobal
